# This file is automatically @generated by Cargo.
# It is not intended for manual editing.
version = 3

[[package]]
name = "cfg-if"
version = "1.0.0"
source = "registry+https://github.com/rust-lang/crates.io-index"
checksum = "baf1de4339761588bc0619e3cbc0120ee582ebb74b53b4efbf79117bd2da40fd"

[[package]]
name = "gamemstr-common"
version = "0.1.0"
dependencies = [
 "num-to-words",
 "serde",
 "uuid",
]

[[package]]
name = "getrandom"
version = "0.2.8"
source = "registry+https://github.com/rust-lang/crates.io-index"
checksum = "c05aeb6a22b8f62540c194aac980f2115af067bfe15a0734d7277a768d396b31"
dependencies = [
 "cfg-if",
 "libc",
 "wasi",
]

[[package]]
name = "libc"
version = "0.2.140"
source = "registry+https://github.com/rust-lang/crates.io-index"
checksum = "99227334921fae1a979cf0bfdfcc6b3e5ce376ef57e16fb6fb3ea2ed6095f80c"

[[package]]
name = "num-to-words"
version = "0.1.0"
source = "registry+https://github.com/rust-lang/crates.io-index"
checksum = "b5199b14652348cb28e020a9463b0ae6db03005a4025ea77b4f410f2192cbe05"

[[package]]
name = "proc-macro2"
version = "1.0.52"
source = "registry+https://github.com/rust-lang/crates.io-index"
checksum = "1d0e1ae9e836cc3beddd63db0df682593d7e2d3d891ae8c9083d2113e1744224"
dependencies = [
 "unicode-ident",
]

[[package]]
name = "quote"
version = "1.0.24"
source = "registry+https://github.com/rust-lang/crates.io-index"
checksum = "50686e0021c4136d1d453b2dfe059902278681512a34d4248435dc34b6b5c8ec"
dependencies = [
 "proc-macro2",
]

[[package]]
name = "serde"
version = "1.0.155"
source = "registry+https://github.com/rust-lang/crates.io-index"
checksum = "71f2b4817415c6d4210bfe1c7bfcf4801b2d904cb4d0e1a8fdb651013c9e86b8"
dependencies = [
 "serde_derive",
]

[[package]]
name = "serde_derive"
version = "1.0.155"
source = "registry+https://github.com/rust-lang/crates.io-index"
checksum = "d071a94a3fac4aff69d023a7f411e33f40f3483f8c5190b1953822b6b76d7630"
dependencies = [
 "proc-macro2",
 "quote",
 "syn",
]

[[package]]
name = "syn"
version = "1.0.109"
source = "registry+https://github.com/rust-lang/crates.io-index"
checksum = "72b64191b275b66ffe2469e8af2c1cfe3bafa67b529ead792a6d0160888b4237"
dependencies = [
 "proc-macro2",
 "quote",
 "unicode-ident",
]

[[package]]
name = "unicode-ident"
version = "1.0.8"
source = "registry+https://github.com/rust-lang/crates.io-index"
checksum = "e5464a87b239f13a63a501f2701565754bae92d243d4bb7eb12f6d57d2269bf4"

[[package]]
name = "uuid"
version = "1.3.0"
source = "registry+https://github.com/rust-lang/crates.io-index"
checksum = "1674845326ee10d37ca60470760d4288a6f80f304007d92e5c53bab78c9cfd79"
dependencies = [
 "getrandom",
 "serde",
]

[[package]]
name = "wasi"
version = "0.11.0+wasi-snapshot-preview1"
source = "registry+https://github.com/rust-lang/crates.io-index"
checksum = "9c8d87e72b64a3b4db28d11ce29237c246188f4f51057d65a7eab63b7987e423"
